
Microsoft Visual Studio Solution File, Format Version 12.00
# Visual Studio Version 17
VisualStudioVersion = 17.0.31612.314
MinimumVisualStudioVersion = 10.0.40219.1
Project("{9A19103F-16F7-4668-BE54-9A1E7A4F7556}") = "datosReniec", "datosReniec\datosReniec.csproj", "{9F474838-54E3-4244-A76D-44F6190AEC78}"
EndProject
Project("{9A19103F-16F7-4668-BE54-9A1E7A4F7556}") = "Ejemplo", "Ejemplo\Ejemplo.csproj", "{C023A57F-17FF-46D5-B33D-C2D30D9E6F2C}"
EndProject
Global
	GlobalSection(SolutionConfigurationPlatforms) = preSolution
		Debug|Any CPU = Debug|Any CPU
		Release|Any CPU = Release|Any CPU
	EndGlobalSection
	GlobalSection(ProjectConfigurationPlatforms) = postSolution
		{9F474838-54E3-4244-A76D-44F6190AEC78}.Debug|Any CPU.ActiveCfg = Debug|Any CPU
		{9F474838-54E3-4244-A76D-44F6190AEC78}.Debug|Any CPU.Build.0 = Debug|Any CPU
		{9F474838-54E3-4244-A76D-44F6190AEC78}.Release|Any CPU.ActiveCfg = Release|Any CPU
		{9F474838-54E3-4244-A76D-44F6190AEC78}.Release|Any CPU.Build.0 = Release|Any CPU
		{C023A57F-17FF-46D5-B33D-C2D30D9E6F2C}.Debug|Any CPU.ActiveCfg = Debug|Any CPU
		{C023A57F-17FF-46D5-B33D-C2D30D9E6F2C}.Debug|Any CPU.Build.0 = Debug|Any CPU
		{C023A57F-17FF-46D5-B33D-C2D30D9E6F2C}.Release|Any CPU.ActiveCfg = Release|Any CPU
		{C023A57F-17FF-46D5-B33D-C2D30D9E6F2C}.Release|Any CPU.Build.0 = Release|Any CPU
	EndGlobalSection
	GlobalSection(SolutionProperties) = preSolution
		HideSolutionNode = FALSE
	EndGlobalSection
	GlobalSection(ExtensibilityGlobals) = postSolution
		SolutionGuid = {C2BF621A-8A93-4A32-AB40-D42E76523000}
	EndGlobalSection
EndGlobal
